
Microsoft Visual Studio Solution File, Format Version 12.00
# Visual Studio Version 17
VisualStudioVersion = 17.1.32210.238
MinimumVisualStudioVersion = 10.0.40219.1
Project("{FAE04EC0-301F-11D3-BF4B-00C04F79EFBC}") = "Araç_Kullanimlari_2", "Araç_Kullanimlari_2.csproj", "{959CFA99-3AFF-4B80-AB47-889EB1F584CE}"
EndProject
Global
	GlobalSection(SolutionConfigurationPlatforms) = preSolution
		Debug|Any CPU = Debug|Any CPU
		Release|Any CPU = Release|Any CPU
	EndGlobalSection
	GlobalSection(ProjectConfigurationPlatforms) = postSolution
		{959CFA99-3AFF-4B80-AB47-889EB1F584CE}.Debug|Any CPU.ActiveCfg = Debug|Any CPU
		{959CFA99-3AFF-4B80-AB47-889EB1F584CE}.Debug|Any CPU.Build.0 = Debug|Any CPU
		{959CFA99-3AFF-4B80-AB47-889EB1F584CE}.Release|Any CPU.ActiveCfg = Release|Any CPU
		{959CFA99-3AFF-4B80-AB47-889EB1F584CE}.Release|Any CPU.Build.0 = Release|Any CPU
	EndGlobalSection
	GlobalSection(SolutionProperties) = preSolution
		HideSolutionNode = FALSE
	EndGlobalSection
	GlobalSection(ExtensibilityGlobals) = postSolution
		SolutionGuid = {1A406E79-30B8-4526-8094-D1AC3D8B8358}
	EndGlobalSection
EndGlobal
